
Microsoft Visual Studio Solution File, Format Version 12.00
# Visual Studio 2012
Project("{FAE04EC0-301F-11D3-BF4B-00C04F79EFBC}") = "HibernatingRhinos.Services", "HibernatingRhinos.Services\HibernatingRhinos.Services.csproj", "{33A262C1-8614-4C19-9233-C6C83EF38A60}"
EndProject
Project("{FAE04EC0-301F-11D3-BF4B-00C04F79EFBC}") = "HibernatingRhinos.Services.Specs", "HibernatingRhinos.Services.Specs\HibernatingRhinos.Services.Specs.csproj", "{60003198-B8BC-4B92-B4CA-40A7B7F60477}"
EndProject
Project("{FAE04EC0-301F-11D3-BF4B-00C04F79EFBC}") = "HibernatingRhinos.Models", "HibernatingRhinos.Models\HibernatingRhinos.Models.csproj", "{C3DDC895-F64D-47C1-B35D-51791A22C706}"
EndProject
Global
	GlobalSection(SolutionConfigurationPlatforms) = preSolution
		Debug|Any CPU = Debug|Any CPU
		Release|Any CPU = Release|Any CPU
	EndGlobalSection
	GlobalSection(ProjectConfigurationPlatforms) = postSolution
		{33A262C1-8614-4C19-9233-C6C83EF38A60}.Debug|Any CPU.ActiveCfg = Debug|Any CPU
		{33A262C1-8614-4C19-9233-C6C83EF38A60}.Debug|Any CPU.Build.0 = Debug|Any CPU
		{33A262C1-8614-4C19-9233-C6C83EF38A60}.Release|Any CPU.ActiveCfg = Release|Any CPU
		{33A262C1-8614-4C19-9233-C6C83EF38A60}.Release|Any CPU.Build.0 = Release|Any CPU
		{60003198-B8BC-4B92-B4CA-40A7B7F60477}.Debug|Any CPU.ActiveCfg = Debug|Any CPU
		{60003198-B8BC-4B92-B4CA-40A7B7F60477}.Debug|Any CPU.Build.0 = Debug|Any CPU
		{60003198-B8BC-4B92-B4CA-40A7B7F60477}.Release|Any CPU.ActiveCfg = Release|Any CPU
		{60003198-B8BC-4B92-B4CA-40A7B7F60477}.Release|Any CPU.Build.0 = Release|Any CPU
		{C3DDC895-F64D-47C1-B35D-51791A22C706}.Debug|Any CPU.ActiveCfg = Debug|Any CPU
		{C3DDC895-F64D-47C1-B35D-51791A22C706}.Debug|Any CPU.Build.0 = Debug|Any CPU
		{C3DDC895-F64D-47C1-B35D-51791A22C706}.Release|Any CPU.ActiveCfg = Release|Any CPU
		{C3DDC895-F64D-47C1-B35D-51791A22C706}.Release|Any CPU.Build.0 = Release|Any CPU
	EndGlobalSection
	GlobalSection(SolutionProperties) = preSolution
		HideSolutionNode = FALSE
	EndGlobalSection
EndGlobal
